
Microsoft Visual Studio Solution File, Format Version 12.00
# Visual Studio 2013
VisualStudioVersion = 12.0.21005.1
MinimumVisualStudioVersion = 10.0.40219.1
Project("{FAE04EC0-301F-11D3-BF4B-00C04F79EFBC}") = "Angular.Web", "Angular.Web\Angular.Web.csproj", "{2A12B434-5B34-4482-9DB1-5A96C1E212F1}"
EndProject
Project("{FAE04EC0-301F-11D3-BF4B-00C04F79EFBC}") = "Angular.Web.Tests", "Angular.Web.Tests\Angular.Web.Tests.csproj", "{172FADCC-AB5F-4FD5-A617-923F4D80F368}"
EndProject
Global
	GlobalSection(SolutionConfigurationPlatforms) = preSolution
		Debug|Any CPU = Debug|Any CPU
		Release|Any CPU = Release|Any CPU
	EndGlobalSection
	GlobalSection(ProjectConfigurationPlatforms) = postSolution
		{2A12B434-5B34-4482-9DB1-5A96C1E212F1}.Debug|Any CPU.ActiveCfg = Debug|Any CPU
		{2A12B434-5B34-4482-9DB1-5A96C1E212F1}.Debug|Any CPU.Build.0 = Debug|Any CPU
		{2A12B434-5B34-4482-9DB1-5A96C1E212F1}.Release|Any CPU.ActiveCfg = Release|Any CPU
		{2A12B434-5B34-4482-9DB1-5A96C1E212F1}.Release|Any CPU.Build.0 = Release|Any CPU
		{172FADCC-AB5F-4FD5-A617-923F4D80F368}.Debug|Any CPU.ActiveCfg = Debug|Any CPU
		{172FADCC-AB5F-4FD5-A617-923F4D80F368}.Debug|Any CPU.Build.0 = Debug|Any CPU
		{172FADCC-AB5F-4FD5-A617-923F4D80F368}.Release|Any CPU.ActiveCfg = Release|Any CPU
		{172FADCC-AB5F-4FD5-A617-923F4D80F368}.Release|Any CPU.Build.0 = Release|Any CPU
	EndGlobalSection
	GlobalSection(SolutionProperties) = preSolution
		HideSolutionNode = FALSE
	EndGlobalSection
EndGlobal
